
Microsoft Visual Studio Solution File, Format Version 12.00
Project("{FAE04EC0-301F-11D3-BF4B-00C04F79EFBC}") = "LiveCodeExecutionExampleDemo", "LiveCodeExecutionExampleDemo.csproj", "{2EA08AAC-2E3D-471F-B3AF-8665F36A0184}"
EndProject
Global
	GlobalSection(SolutionConfigurationPlatforms) = preSolution
		Debug|Any CPU = Debug|Any CPU
		Release|Any CPU = Release|Any CPU
	EndGlobalSection
	GlobalSection(ProjectConfigurationPlatforms) = postSolution
		{2EA08AAC-2E3D-471F-B3AF-8665F36A0184}.Debug|Any CPU.ActiveCfg = Debug|Any CPU
		{2EA08AAC-2E3D-471F-B3AF-8665F36A0184}.Debug|Any CPU.Build.0 = Debug|Any CPU
		{2EA08AAC-2E3D-471F-B3AF-8665F36A0184}.Release|Any CPU.ActiveCfg = Release|Any CPU
		{2EA08AAC-2E3D-471F-B3AF-8665F36A0184}.Release|Any CPU.Build.0 = Release|Any CPU
	EndGlobalSection
EndGlobal
